github.com/lrascao/udp-forward v0.0.0-20191015034046-6b774a53ea39 h1:wz3qiwrqVsxA7B3nOGLnh0d5bH6QiaGGFNhJqyDWIdk=
github.com/lrascao/udp-forward v0.0.0-20191015034046-6b774a53ea39/go.mod h1:Qhpj5BewfzMOJLwYA6TAGCAgozV17ZQFIuZ92/qxMKA=
github.com/lrascao/udp-forward v0.0.0-20241013212308-9d92db743767 h1:U7Tj3flmOYz2WhLpZ5Z43gcrR+v3WaXsUSYtYNSAC/Y=
github.com/lrascao/udp-forward v0.0.0-20241013212308-9d92db743767/go.mod h1:6+BawMVnq104qA3u+p7oe3AqS2z200Q6EI8YLnilaHo=
